{
    "_meta": {
        "hash": {
            "sha256": "9b8ebb32256952d9c467a70920815f6da8d67df6b475d4f19278428851131b24"
        },
        "pipfile-spec": 6,
        "requires": {
            "python_full_version": "3.11.2",
            "python_version": "3.11"
        },
        "sources": [
            {
                "name": "pypi",
                "url": "https://pypi.org/simple",
                "verify_ssl": true
            }
        ]
    },
    "default": {
        "attrs": {
            "hashes": [
                "sha256:29e95c7f6778868dbd49170f98f8818f78f3dc5e0e37c0b1f474e3561b240836",
                "sha256:c9227bfc2f01993c03f68db37d1d15c9690188323c067c641f1a35ca58185f99"
            ],
            "markers": "python_version >= '3.6'",
            "version": "==22.2.0"
        },
        "colorama": {
            "hashes": [
                "sha256:08695f5cb7ed6e0531a20572697297273c47b8cae5a63ffc6d6ed5c201be6e44",
                "sha256:4f1d9991f5acc0ca119f9d443620b77f9d6b33703e51011c16baf57afb285fc6"
            ],
            "markers": "sys_platform == 'win32'",
            "version": "==0.4.6"
        },
        "iniconfig": {
            "hashes": [
                "sha256:2d91e135bf72d31a410b17c16da610a82cb55f6b0477d1a902134b24a455b8b3",
                "sha256:b6a85871a79d2e3b22d2d1b94ac2824226a63c6b741c88f7ae975f18b6778374"
            ],
            "markers": "python_version >= '3.7'",
            "version": "==2.0.0"
        },
        "packaging": {
            "hashes": [
                "sha256:714ac14496c3e68c99c29b00845f7a2b85f3bb6f1078fd9f72fd20f0570002b2",
                "sha256:b6ad297f8907de0fa2fe1ccbd26fdaf387f5f47c7275fedf8cce89f99446cf97"
            ],
            "markers": "python_version >= '3.7'",
            "version": "==23.0"
        },
        "pluggy": {
            "hashes": [
                "sha256:4224373bacce55f955a878bf9cfa763c1e360858e330072059e10bad68531159",
                "sha256:74134bbf457f031a36d68416e1509f34bd5ccc019f0bcc952c7b909d06b37bd3"
            ],
            "markers": "python_version >= '3.6'",
            "version": "==1.0.0"
        },
        "pytest": {
            "hashes": [
                "sha256:130328f552dcfac0b1cec75c12e3f005619dc5f874f0a06e8ff7263f0ee6225e",
                "sha256:c99ab0c73aceb050f68929bc93af19ab6db0558791c6a0715723abe9d0ade9d4"
            ],
            "index": "pypi",
            "version": "==7.2.2"
        },
        "ruff": {
            "hashes": [
                "sha256:059a380c08e849b6f312479b18cc63bba2808cff749ad71555f61dd930e3c9a2",
                "sha256:09c764bc2bd80c974f7ce1f73a46092c286085355a5711126af351b9ae4bea0c",
                "sha256:0deb1d7226ea9da9b18881736d2d96accfa7f328c67b7410478cc064ad1fa6aa",
                "sha256:0eb66c9520151d3bd950ea43b3a088618a8e4e10a5014a72687881e6f3606312",
                "sha256:27d39d697fdd7df1f2a32c1063756ee269ad8d5345c471ee3ca450636d56e8c6",
                "sha256:2fc21d060a3197ac463596a97d9b5db2d429395938b270ded61dd60f0e57eb21",
                "sha256:688379050ae05394a6f9f9c8471587fd5dcf22149bd4304a4ede233cc4ef89a1",
                "sha256:8deba44fd563361c488dedec90dc330763ee0c01ba54e17df54ef5820079e7e0",
                "sha256:ac1429be6d8bd3db0bf5becac3a38bd56f8421447790c50599cd90fd53417ec4",
                "sha256:b3f15d5d033fd3dcb85d982d6828ddab94134686fac2c02c13a8822aa03e1321",
                "sha256:b435afc4d65591399eaf4b2af86e441a71563a2091c386cadf33eaa11064dc09",
                "sha256:c38291bda4c7b40b659e8952167f386e86ec29053ad2f733968ff1d78b4c7e15",
                "sha256:d4385cdd30153b7aa1d8f75dfd1ae30d49c918ead7de07e69b7eadf0d5538a1f",
                "sha256:dd58c500d039fb381af8d861ef456c3e94fd6855c3d267d6c6718c9a9fe07be0",
                "sha256:e15742df0f9a3615fbdc1ee9a243467e97e75bf88f86d363eee1ed42cedab1ec",
                "sha256:ef20bf798ffe634090ad3dc2e8aa6a055f08c448810a2f800ab716cc18b80107",
                "sha256:f70dc93bc9db15cccf2ed2a831938919e3e630993eeea6aba5c84bc274237885"
            ],
            "index": "pypi",
            "version": "==0.0.254"
        }
    },
    "develop": {}
}
